{
  "nodes": {
    "nix-darwin": {
      "inputs": {
        "nixpkgs": [
          "pkgs"
        ]
      },
      "locked": {
        "lastModified": 1748998583,
        "narHash": "sha256-X8kkfgfqdYa/sqGpMdDkrLytS6mj89PJW+x22+r29Yg=",
        "owner": "nix-darwin",
        "repo": "nix-darwin",
        "rev": "d46a07214fc25b6313f2ea3ba789cd7ff036aeb2",
        "type": "github"
      },
      "original": {
        "owner": "nix-darwin",
        "ref": "master",
        "repo": "nix-darwin",
        "type": "github"
      }
    },
    "pkgs": {
      "locked": {
        "lastModified": 1747670378,
        "narHash": "sha256-/i53gvowxEJ1p81jGwgKg3r1dhSX+i74ffLbcRNjVPc=",
        "owner": "NixOS",
        "repo": "nixpkgs",
        "rev": "e84598116e49651c1be6836fab2a38511ace723d",
        "type": "github"
      },
      "original": {
        "owner": "NixOS",
        "repo": "nixpkgs",
        "rev": "e84598116e49651c1be6836fab2a38511ace723d",
        "type": "github"
      }
    },
    "root": {
      "inputs": {
        "nix-darwin": "nix-darwin",
        "pkgs": "pkgs",
        "rust-overlay": "rust-overlay"
      }
    },
    "rust-overlay": {
      "inputs": {
        "nixpkgs": [
          "pkgs"
        ]
      },
      "locked": {
        "lastModified": 1740709839,
        "narHash": "sha256-4dF++MXIXna/AwlZWDKr7bgUmY4xoEwvkF1GewjNrt0=",
        "owner": "oxalica",
        "repo": "rust-overlay",
        "rev": "b4270835bf43c6f80285adac6f66a26d83f0f277",
        "type": "github"
      },
      "original": {
        "owner": "oxalica",
        "repo": "rust-overlay",
        "rev": "b4270835bf43c6f80285adac6f66a26d83f0f277",
        "type": "github"
      }
    }
  },
  "root": "root",
  "version": 7
}
