{
  "nodes": {
    "nix-darwin": {
      "inputs": {
        "nixpkgs": [
          "pkgs"
        ]
      },
      "locked": {
        "lastModified": 1748998583,
        "narHash": "sha256-X8kkfgfqdYa/sqGpMdDkrLytS6mj89PJW+x22+r29Yg=",
        "owner": "nix-darwin",
        "repo": "nix-darwin",
        "rev": "d46a07214fc25b6313f2ea3ba789cd7ff036aeb2",
        "type": "github"
      },
      "original": {
        "owner": "nix-darwin",
        "ref": "master",
        "repo": "nix-darwin",
        "type": "github"
      }
    },
    "pkgs": {
      "locked": {
        "lastModified": 1753112832,
        "narHash": "sha256-53MLh4GMssyIjsGufVNWi2DkzHt0FQv3KeLdDClyvKQ=",
        "owner": "NixOS",
        "repo": "nixpkgs",
        "rev": "0776fda6ff74ddda14aad805b24224be1bdaba9b",
        "type": "github"
      },
      "original": {
        "owner": "NixOS",
        "repo": "nixpkgs",
        "rev": "0776fda6ff74ddda14aad805b24224be1bdaba9b",
        "type": "github"
      }
    },
    "root": {
      "inputs": {
        "nix-darwin": "nix-darwin",
        "pkgs": "pkgs",
        "rust-overlay": "rust-overlay"
      }
    },
    "rust-overlay": {
      "inputs": {
        "nixpkgs": [
          "pkgs"
        ]
      },
      "locked": {
        "lastModified": 1753066249,
        "narHash": "sha256-j2UBrfDRIePGx3532Bbb9UeosNX2F73hfOAHtmACfnM=",
        "owner": "oxalica",
        "repo": "rust-overlay",
        "rev": "0751b65633a1785743ca44fd7c14a633c54c1f91",
        "type": "github"
      },
      "original": {
        "owner": "oxalica",
        "repo": "rust-overlay",
        "rev": "0751b65633a1785743ca44fd7c14a633c54c1f91",
        "type": "github"
      }
    }
  },
  "root": "root",
  "version": 7
}
